Microsoft Visual Studio Solution File, Format Version 12.00
# Visual Studio Version 16
VisualStudioVersion = 16.0.29905.134
MinimumVisualStudioVersion = 10.0.40219.1
Project("{2150E333-8FDC-42A3-9474-1A3956D46DE8}") = "src", "src", "{C2F8FF63-7A48-4179-A720-86206C42F496}"
EndProject
Project("{9A19103F-16F7-4668-BE54-9A1E7A4F7556}") = "AddressRegistry", "src\AddressRegistry\AddressRegistry.csproj", "{BE9DCAED-271E-49EB-B2CC-BB4D727AFA21}"
EndProject
Project("{2150E333-8FDC-42A3-9474-1A3956D46DE8}") = "Solution Items", "Solution Items", "{C63AF54F-DF0D-4ED0-812A-020FC555B0DC}"
	ProjectSection(SolutionItems) = preProject
		.editorconfig = .editorconfig
		.gitattributes = .gitattributes
		.gitignore = .gitignore
		build.fsx = build.fsx
		global.json = global.json
		package.json = package.json
		paket.dependencies = paket.dependencies
		README.md = README.md
		SEMVER.md = SEMVER.md
	EndProjectSection
EndProject
Project("{9A19103F-16F7-4668-BE54-9A1E7A4F7556}") = "AddressRegistry.Importer.AddressMatch", "src\AddressRegistry.Importer.AddressMatch\AddressRegistry.Importer.AddressMatch.csproj", "{22B3713C-BAE2-413B-A192-CFBCCFCF6697}"
EndProject
Project("{9A19103F-16F7-4668-BE54-9A1E7A4F7556}") = "AddressRegistry.Importer.HouseNumber.Console", "src\AddressRegistry.Importer.HouseNumber.Console\AddressRegistry.Importer.HouseNumber.Console.csproj", "{DCC0B71A-2B0C-4D2F-B0F3-455189508063}"
EndProject
Project("{9A19103F-16F7-4668-BE54-9A1E7A4F7556}") = "AddressRegistry.Importer.Subaddress.Console", "src\AddressRegistry.Importer.Subaddress.Console\AddressRegistry.Importer.Subaddress.Console.csproj", "{FA0B65B4-563C-44C2-B4CE-AEDC02DABE09}"
EndProject
Global
	GlobalSection(SolutionConfigurationPlatforms) = preSolution
		Debug|Any CPU = Debug|Any CPU
		Debug|x64 = Debug|x64
		Debug|x86 = Debug|x86
		Release|Any CPU = Release|Any CPU
		Release|x64 = Release|x64
		Release|x86 = Release|x86
	EndGlobalSection
	GlobalSection(ProjectConfigurationPlatforms) = postSolution
		{BE9DCAED-271E-49EB-B2CC-BB4D727AFA21}.Debug|Any CPU.ActiveCfg = Debug|Any CPU
		{BE9DCAED-271E-49EB-B2CC-BB4D727AFA21}.Debug|Any CPU.Build.0 = Debug|Any CPU
		{BE9DCAED-271E-49EB-B2CC-BB4D727AFA21}.Debug|x64.ActiveCfg = Debug|Any CPU
		{BE9DCAED-271E-49EB-B2CC-BB4D727AFA21}.Debug|x64.Build.0 = Debug|Any CPU
		{BE9DCAED-271E-49EB-B2CC-BB4D727AFA21}.Debug|x86.ActiveCfg = Debug|Any CPU
		{BE9DCAED-271E-49EB-B2CC-BB4D727AFA21}.Debug|x86.Build.0 = Debug|Any CPU
		{BE9DCAED-271E-49EB-B2CC-BB4D727AFA21}.Release|Any CPU.ActiveCfg = Release|Any CPU
		{BE9DCAED-271E-49EB-B2CC-BB4D727AFA21}.Release|Any CPU.Build.0 = Release|Any CPU
		{BE9DCAED-271E-49EB-B2CC-BB4D727AFA21}.Release|x64.ActiveCfg = Release|Any CPU
		{BE9DCAED-271E-49EB-B2CC-BB4D727AFA21}.Release|x64.Build.0 = Release|Any CPU
		{BE9DCAED-271E-49EB-B2CC-BB4D727AFA21}.Release|x86.ActiveCfg = Release|Any CPU
		{22B3713C-BAE2-413B-A192-CFBCCFCF6697}.Debug|Any CPU.ActiveCfg = Debug|Any CPU
		{22B3713C-BAE2-413B-A192-CFBCCFCF6697}.Debug|Any CPU.Build.0 = Debug|Any CPU
		{22B3713C-BAE2-413B-A192-CFBCCFCF6697}.Debug|x64.ActiveCfg = Debug|Any CPU
		{22B3713C-BAE2-413B-A192-CFBCCFCF6697}.Debug|x64.Build.0 = Debug|Any CPU
		{22B3713C-BAE2-413B-A192-CFBCCFCF6697}.Debug|x86.ActiveCfg = Debug|Any CPU
		{22B3713C-BAE2-413B-A192-CFBCCFCF6697}.Debug|x86.Build.0 = Debug|Any CPU
		{22B3713C-BAE2-413B-A192-CFBCCFCF6697}.Release|Any CPU.ActiveCfg = Release|Any CPU
		{22B3713C-BAE2-413B-A192-CFBCCFCF6697}.Release|Any CPU.Build.0 = Release|Any CPU
		{22B3713C-BAE2-413B-A192-CFBCCFCF6697}.Release|x64.ActiveCfg = Release|Any CPU
		{22B3713C-BAE2-413B-A192-CFBCCFCF6697}.Release|x64.Build.0 = Release|Any CPU
		{22B3713C-BAE2-413B-A192-CFBCCFCF6697}.Release|x86.ActiveCfg = Release|Any CPU
		{22B3713C-BAE2-413B-A192-CFBCCFCF6697}.Release|x86.Build.0 = Release|Any CPU
		{DCC0B71A-2B0C-4D2F-B0F3-455189508063}.Debug|Any CPU.ActiveCfg = Debug|Any CPU
		{DCC0B71A-2B0C-4D2F-B0F3-455189508063}.Debug|Any CPU.Build.0 = Debug|Any CPU
		{DCC0B71A-2B0C-4D2F-B0F3-455189508063}.Debug|x64.ActiveCfg = Debug|Any CPU
		{DCC0B71A-2B0C-4D2F-B0F3-455189508063}.Debug|x64.Build.0 = Debug|Any CPU
		{DCC0B71A-2B0C-4D2F-B0F3-455189508063}.Debug|x86.ActiveCfg = Debug|Any CPU
		{DCC0B71A-2B0C-4D2F-B0F3-455189508063}.Debug|x86.Build.0 = Debug|Any CPU
		{DCC0B71A-2B0C-4D2F-B0F3-455189508063}.Release|Any CPU.ActiveCfg = Release|Any CPU
		{DCC0B71A-2B0C-4D2F-B0F3-455189508063}.Release|Any CPU.Build.0 = Release|Any CPU
		{DCC0B71A-2B0C-4D2F-B0F3-455189508063}.Release|x64.ActiveCfg = Release|Any CPU
		{DCC0B71A-2B0C-4D2F-B0F3-455189508063}.Release|x64.Build.0 = Release|Any CPU
		{DCC0B71A-2B0C-4D2F-B0F3-455189508063}.Release|x86.ActiveCfg = Release|Any CPU
		{DCC0B71A-2B0C-4D2F-B0F3-455189508063}.Release|x86.Build.0 = Release|Any CPU
		{FA0B65B4-563C-44C2-B4CE-AEDC02DABE09}.Debug|Any CPU.ActiveCfg = Debug|Any CPU
		{FA0B65B4-563C-44C2-B4CE-AEDC02DABE09}.Debug|Any CPU.Build.0 = Debug|Any CPU
		{FA0B65B4-563C-44C2-B4CE-AEDC02DABE09}.Debug|x64.ActiveCfg = Debug|Any CPU
		{FA0B65B4-563C-44C2-B4CE-AEDC02DABE09}.Debug|x64.Build.0 = Debug|Any CPU
		{FA0B65B4-563C-44C2-B4CE-AEDC02DABE09}.Debug|x86.ActiveCfg = Debug|Any CPU
		{FA0B65B4-563C-44C2-B4CE-AEDC02DABE09}.Debug|x86.Build.0 = Debug|Any CPU
		{FA0B65B4-563C-44C2-B4CE-AEDC02DABE09}.Release|Any CPU.ActiveCfg = Release|Any CPU
		{FA0B65B4-563C-44C2-B4CE-AEDC02DABE09}.Release|Any CPU.Build.0 = Release|Any CPU
		{FA0B65B4-563C-44C2-B4CE-AEDC02DABE09}.Release|x64.ActiveCfg = Release|Any CPU
		{FA0B65B4-563C-44C2-B4CE-AEDC02DABE09}.Release|x64.Build.0 = Release|Any CPU
		{FA0B65B4-563C-44C2-B4CE-AEDC02DABE09}.Release|x86.ActiveCfg = Release|Any CPU
		{FA0B65B4-563C-44C2-B4CE-AEDC02DABE09}.Release|x86.Build.0 = Release|Any CPU
	EndGlobalSection
	GlobalSection(SolutionProperties) = preSolution
		HideSolutionNode = FALSE
	EndGlobalSection
	GlobalSection(NestedProjects) = preSolution
		{BE9DCAED-271E-49EB-B2CC-BB4D727AFA21} = {C2F8FF63-7A48-4179-A720-86206C42F496}
		{22B3713C-BAE2-413B-A192-CFBCCFCF6697} = {C2F8FF63-7A48-4179-A720-86206C42F496}
		{DCC0B71A-2B0C-4D2F-B0F3-455189508063} = {C2F8FF63-7A48-4179-A720-86206C42F496}
		{FA0B65B4-563C-44C2-B4CE-AEDC02DABE09} = {C2F8FF63-7A48-4179-A720-86206C42F496}
	EndGlobalSection
	GlobalSection(ExtensibilityGlobals) = postSolution
		SolutionGuid = {2EB87445-E263-4E1E-89CC-3839170028E5}
	EndGlobalSection
EndGlobal
