{
  "version": 2,
  "dependencies": {
    "net9.0": {
      "Elastic.Clients.Elasticsearch": {
        "type": "Direct",
        "requested": "[8.17.4, )",
        "resolved": "8.17.4",
        "contentHash": "7zZ4xmQv96PlGZiQBfmuicgh3cUoAV9aZlY/vPdba02vWGz307XW+TbI3HaQrm4EPKrvD2PFNQmkJVBvhMZgxw==",
        "dependencies": {
          "Elastic.Transport": "0.5.9"
        }
      },
      "Microsoft.Extensions.Configuration": {
        "type": "Direct",
        "requested": "[9.0.12, )",
        "resolved": "9.0.12",
        "contentHash": "ATSurHTbvZmw2ITcEyPPrKbtBh5FHA/p9JAMuKbgfurm+U+qPE5KkYHW7NIpayL3/ML3GGPmro1hOozJ/O8VuA==",
        "dependencies": {
          "Microsoft.Extensions.Configuration.Abstractions": "9.0.12",
          "Microsoft.Extensions.Primitives": "9.0.12"
        }
      },
      "SourceLink.Copy.PdbFiles": {
        "type": "Direct",
        "requested": "[2.8.3, )",
        "resolved": "2.8.3",
        "contentHash": "cxlw1QHd/J7lOtSZ45VZMOsF/YSOlwZy0fCkauo9Ib9vOv+zGzjm9q3D8qGyMII0Zz1GSmli/oxhmUNuYUpc1g=="
      },
      "SourceLink.Embed.AllSourceFiles": {
        "type": "Direct",
        "requested": "[2.8.3, )",
        "resolved": "2.8.3",
        "contentHash": "Hv77AfKNDqSUH6MSGW1ZwKWFJ/CNKOe4FD6lpJGNYdSSQeEEsE2KyPlG1IgzA8+CJG8lDQV2vLS4OljHtHohsw=="
      },
      "Elastic.Transport": {
        "type": "Transitive",
        "resolved": "0.5.9",
        "contentHash": "RXoJAeXKaXq67SeLhyDMBPpvlkG940jqJWd5l+rKglMRLJn6X0dkLNlWehpDuouicNdwnYdcuADnqdSOiSvASw=="
      },
      "Microsoft.Extensions.Configuration.Abstractions": {
        "type": "Transitive",
        "resolved": "9.0.12",
        "contentHash": "7a6T0/caZDhTX1qkXII/2bSdmZt/gqrBkIXlcM9NTelc6lseRR6OPYb8gcy/JA6m4P3tEFd2Tnhr8ke4Jq/wkw==",
        "dependencies": {
          "Microsoft.Extensions.Primitives": "9.0.12"
        }
      },
      "Microsoft.Extensions.Primitives": {
        "type": "Transitive",
        "resolved": "9.0.12",
        "contentHash": "nmGbgxTfuvuEdcQ9NH5DEwAKDKB+c39dAcKQ4+sb8WpGA3pMIgAJfowC+aRH/6gFmdRq2ssRp031Uvv7rTrOMg=="
      }
    },
    "net9.0/linux-arm64": {},
    "net9.0/linux-x64": {},
    "net9.0/win-x64": {}
  }
}