{
  "version": 2,
  "dependencies": {
    "net9.0": {
      "Elastic.Clients.Elasticsearch": {
        "type": "Direct",
        "requested": "[8.17.4, )",
        "resolved": "8.17.4",
        "contentHash": "7zZ4xmQv96PlGZiQBfmuicgh3cUoAV9aZlY/vPdba02vWGz307XW+TbI3HaQrm4EPKrvD2PFNQmkJVBvhMZgxw==",
        "dependencies": {
          "Elastic.Transport": "0.5.9"
        }
      },
      "Microsoft.Extensions.Configuration": {
        "type": "Direct",
        "requested": "[9.0.14, )",
        "resolved": "9.0.14",
        "contentHash": "wel8GgcNuuCIjZxp1E6CdEMdMA/l01ZAqra1R26DBnp45O/03ZvCcNrGjgKSQLxRF+1kb8gtDL5uZt/1a0AbbQ==",
        "dependencies": {
          "Microsoft.Extensions.Configuration.Abstractions": "9.0.14",
          "Microsoft.Extensions.Primitives": "9.0.14"
        }
      },
      "SourceLink.Copy.PdbFiles": {
        "type": "Direct",
        "requested": "[2.8.3, )",
        "resolved": "2.8.3",
        "contentHash": "cxlw1QHd/J7lOtSZ45VZMOsF/YSOlwZy0fCkauo9Ib9vOv+zGzjm9q3D8qGyMII0Zz1GSmli/oxhmUNuYUpc1g=="
      },
      "SourceLink.Embed.AllSourceFiles": {
        "type": "Direct",
        "requested": "[2.8.3, )",
        "resolved": "2.8.3",
        "contentHash": "Hv77AfKNDqSUH6MSGW1ZwKWFJ/CNKOe4FD6lpJGNYdSSQeEEsE2KyPlG1IgzA8+CJG8lDQV2vLS4OljHtHohsw=="
      },
      "Elastic.Transport": {
        "type": "Transitive",
        "resolved": "0.5.9",
        "contentHash": "RXoJAeXKaXq67SeLhyDMBPpvlkG940jqJWd5l+rKglMRLJn6X0dkLNlWehpDuouicNdwnYdcuADnqdSOiSvASw=="
      },
      "Microsoft.Extensions.Configuration.Abstractions": {
        "type": "Transitive",
        "resolved": "9.0.14",
        "contentHash": "hoAjCCsJ/fANjaP6hUPru11b/y2evaDJ1m7uRBQU57Mrq0k1NkZLA3qP0zN+EOj2mvM9DXGlNwnLf3H1tRF05w==",
        "dependencies": {
          "Microsoft.Extensions.Primitives": "9.0.14"
        }
      },
      "Microsoft.Extensions.Primitives": {
        "type": "Transitive",
        "resolved": "9.0.14",
        "contentHash": "1bP1fEv6MdXvX4TsxrT94AE2aOIPI9p0xgVsxUliB91wDXHUwbBHV1hXKbfu0ZHEdBuYEusyTVoUwUXp71fh8w=="
      }
    },
    "net9.0/linux-arm64": {},
    "net9.0/linux-x64": {},
    "net9.0/win-x64": {}
  }
}