{
  "version": 2,
  "dependencies": {
    "net10.0": {
      "Be.Vlaanderen.Basisregisters.AggregateSource.ExplicitRouting": {
        "type": "Direct",
        "requested": "[11.0.0, )",
        "resolved": "11.0.0",
        "contentHash": "/I0RKqJva5Gm4MMPdCOFTB83QaIGSeYxaGMIQ7U47BrlE9a7hpAhFB9yXprHjkPO/1VyXgcCJTiODrdN+ayJEA==",
        "dependencies": {
          "Be.Vlaanderen.Basisregisters.AggregateSource": "11.0.0"
        }
      },
      "Be.Vlaanderen.Basisregisters.CommandHandling.SqlStreamStore": {
        "type": "Direct",
        "requested": "[11.0.0, )",
        "resolved": "11.0.0",
        "contentHash": "dn/of75WifyUX8PExpuCyFEndX6gxyJ03zLpsl3pGokmaXozoVzfEHtQC/IIYsdkECr/cbiUTLg//EFBQRA1xw==",
        "dependencies": {
          "Be.Vlaanderen.Basisregisters.AggregateSource": "11.0.0",
          "Be.Vlaanderen.Basisregisters.CommandHandling": "11.0.0",
          "Be.Vlaanderen.Basisregisters.EventHandling": "7.1.0",
          "Be.Vlaanderen.Basisregisters.Generators.Guid.Deterministic": "5.1.0",
          "SqlStreamStore": "1.2.0"
        }
      },
      "Be.Vlaanderen.Basisregisters.Crab": {
        "type": "Direct",
        "requested": "[5.1.0, )",
        "resolved": "5.1.0",
        "contentHash": "4P0hqjpAENqvncO3DU10VKWhL7rn9XTAqIC42MkT7unNjmvnlC+8gZAfebPWLUuk8wap/EUhiRAI6HoMhnhDtQ==",
        "dependencies": {
          "Be.Vlaanderen.Basisregisters.AggregateSource": "11.0.0",
          "Be.Vlaanderen.Basisregisters.Generators.Guid.Deterministic": "5.1.0",
          "GeoJSON.NET": "1.4.1",
          "Microsoft.Extensions.Logging.Abstractions": "10.0.8",
          "NodaTime": "3.3.2"
        }
      },
      "Be.Vlaanderen.Basisregisters.EventHandling": {
        "type": "Direct",
        "requested": "[7.1.0, )",
        "resolved": "7.1.0",
        "contentHash": "iSvBdLox7XZQCtMScU8kF227nOTxDZkStKApIsoKPYMu/VWBcKJ0828y9MbmZ9x2eUAYbxSpPwoGEiCX9i4M9A==",
        "dependencies": {
          "Be.Vlaanderen.Basisregisters.Converters.TrimString": "5.1.0",
          "Newtonsoft.Json": "13.0.4",
          "NodaTime.Serialization.JsonNet": "3.2.1"
        }
      },
      "Be.Vlaanderen.Basisregisters.Generators.Guid.Deterministic": {
        "type": "Direct",
        "requested": "[5.1.0, )",
        "resolved": "5.1.0",
        "contentHash": "2WB1iVxqU35ULl7ATujoTlWNb4fCEv3CWytmfq1WqIrZvy5oLbfKmgKkTCAehQwZD4bIgQvPQQ4crifcQO3PSg=="
      },
      "Be.Vlaanderen.Basisregisters.GrAr.Common": {
        "type": "Direct",
        "requested": "[24.1.0, )",
        "resolved": "24.1.0",
        "contentHash": "lvhTpJST/yIAq3kI5w9EEiZaiyxgu6JEKANdXjZVj1jI7RbIJ9qsu+fLun/J5B2zlzHBayY3uRznIsdR7pGnxw==",
        "dependencies": {
          "Be.Vlaanderen.Basisregisters.AggregateSource": "11.0.0",
          "Be.Vlaanderen.Basisregisters.CommandHandling": "11.0.0",
          "NetTopologySuite": "2.6.0",
          "NodaTime": "3.3.2"
        }
      },
      "Be.Vlaanderen.Basisregisters.GrAr.CrsTransform": {
        "type": "Direct",
        "requested": "[24.1.0, )",
        "resolved": "24.1.0",
        "contentHash": "m5f15aXBfskISdPW1PISUXs1wZJriF+VwDwVKi3hDQVosuIihMhONyfdNexQdj6IwHt2NBsb0tTU09DEHXS+0A==",
        "dependencies": {
          "Be.Vlaanderen.Basisregisters.GrAr.Common": "24.1.0",
          "NetTopologySuite.Features": "2.2.0"
        }
      },
      "Be.Vlaanderen.Basisregisters.GrAr.Provenance": {
        "type": "Direct",
        "requested": "[24.1.0, )",
        "resolved": "24.1.0",
        "contentHash": "e5sYrj0IpVCoBsxG4fIlyEKcTOE/e+HU4tIBiznbIC1sX7vUHr2sltFbgWOheSUohsRotdF5V+qwxzS3J8fBVg==",
        "dependencies": {
          "Be.Vlaanderen.Basisregisters.CommandHandling": "11.0.0",
          "Be.Vlaanderen.Basisregisters.Crab": "5.1.0",
          "Be.Vlaanderen.Basisregisters.GrAr.Common": "24.1.0",
          "Be.Vlaanderen.Basisregisters.Utilities.Rfc3339DateTimeOffset": "5.1.0",
          "CompareNETObjects": "4.84.0"
        }
      },
      "Be.Vlaanderen.Basisregisters.Utilities.HexByteConvertor": {
        "type": "Direct",
        "requested": "[5.1.0, )",
        "resolved": "5.1.0",
        "contentHash": "ASn875qbPXLUt0oJ368bl2JWbX9gXf7KwBxdQKlv78GQAbcusQonOlcAj8u9JZPUI73QoX8WwU0lh+aI9VZvxw=="
      },
      "NetTopologySuite": {
        "type": "Direct",
        "requested": "[2.6.0, )",
        "resolved": "2.6.0",
        "contentHash": "1B1OTacTd4QtFyBeuIOcThwSSLUdRZU3bSFIwM8vk36XiZlBMi3K36u74e4OqwwHRHUuJC1PhbDx4hyI266X1Q=="
      },
      "NodaTime": {
        "type": "Direct",
        "requested": "[3.3.2, )",
        "resolved": "3.3.2",
        "contentHash": "8hI5b1ENTKQCaPyU6YHpYiMwj5aJKZ4Mnv0bLbhk65Dd44gQsXenUohMzyiIphANa8LdW6vcOvpY/l1urvx4dw=="
      },
      "SourceLink.Copy.PdbFiles": {
        "type": "Direct",
        "requested": "[2.8.3, )",
        "resolved": "2.8.3",
        "contentHash": "cxlw1QHd/J7lOtSZ45VZMOsF/YSOlwZy0fCkauo9Ib9vOv+zGzjm9q3D8qGyMII0Zz1GSmli/oxhmUNuYUpc1g=="
      },
      "SourceLink.Embed.AllSourceFiles": {
        "type": "Direct",
        "requested": "[2.8.3, )",
        "resolved": "2.8.3",
        "contentHash": "Hv77AfKNDqSUH6MSGW1ZwKWFJ/CNKOe4FD6lpJGNYdSSQeEEsE2KyPlG1IgzA8+CJG8lDQV2vLS4OljHtHohsw=="
      },
      "Be.Vlaanderen.Basisregisters.AggregateSource": {
        "type": "Transitive",
        "resolved": "11.0.0",
        "contentHash": "lhNphZSw/4nT+xl1KyO7xjEqg77eaYVVYT5V7tGO3J3KTk7eJ3GRX3kdMZZWTpI6EYKecLlHN30PTIDHvwL7Tg==",
        "dependencies": {
          "Be.Vlaanderen.Basisregisters.Utilities.HashCodeCalculator": "5.1.0",
          "Be.Vlaanderen.Basisregisters.Utilities.HexByteConvertor": "5.1.0",
          "Be.Vlaanderen.Basisregisters.Utilities.ToStringBuilder": "4.1.0",
          "Newtonsoft.Json": "13.0.4",
          "NodaTime": "3.3.2"
        }
      },
      "Be.Vlaanderen.Basisregisters.CommandHandling": {
        "type": "Transitive",
        "resolved": "11.0.0",
        "contentHash": "1jDwnB96MHLvOAGZgJA/dKfrOgfoQCl1U3CzzfA6jlZkASOM01Dp5UH4+Pgj4Ll8ueYNCITRizBCCfwPG1GKJA=="
      },
      "Be.Vlaanderen.Basisregisters.Converters.TrimString": {
        "type": "Transitive",
        "resolved": "5.1.0",
        "contentHash": "wqxONDr0cPep5v+bS+Is8Xl7BzDxZ2mvm0CfWSN+dC7adndzieFepWIfyGyVrSpIfrvCvMx7YPbRQtT1xhHnMQ==",
        "dependencies": {
          "Newtonsoft.Json": "13.0.4"
        }
      },
      "Be.Vlaanderen.Basisregisters.Utilities.HashCodeCalculator": {
        "type": "Transitive",
        "resolved": "5.1.0",
        "contentHash": "Ty+Cepnjy0L96peVFpi8nJWhF2qnDpVreNzTjTVmLiTSlCIsTKRnAQYNo8fqPa2ASu4F5E2lsMO421zek5pNmg=="
      },
      "Be.Vlaanderen.Basisregisters.Utilities.Rfc3339DateTimeOffset": {
        "type": "Transitive",
        "resolved": "5.1.0",
        "contentHash": "cvaIm1DzRkV1mB8ZambUqqNXIOG83bzCGa7PD0nsqLcEXqxDpI1NSk9QeCuC+sO7PM4SQze4oyJkty68jwbJfQ==",
        "dependencies": {
          "Newtonsoft.Json": "13.0.4"
        }
      },
      "Be.Vlaanderen.Basisregisters.Utilities.ToStringBuilder": {
        "type": "Transitive",
        "resolved": "4.1.0",
        "contentHash": "3XxDslyPVdZ43RCahDBM+K7xaCgvfbh2CYsgCm/vF6D5zAyBpJUnePl8M2Ebw/Xtiv7kzM9V2b8nmO+Ac9twxQ=="
      },
      "CompareNETObjects": {
        "type": "Transitive",
        "resolved": "4.84.0",
        "contentHash": "OkAQ9RYkiQkgDc+eLDYMNE+rJB99rQAbnUqZTVLlzxt5YkPuLFQHgV+Nk2iRlffPxaq5DDoM577EC8lyR6OOnQ==",
        "dependencies": {
          "System.Configuration.Configurationmanager": "8.0.0",
          "System.Drawing.Common": "8.0.0"
        }
      },
      "GeoJSON.Net": {
        "type": "Transitive",
        "resolved": "1.4.1",
        "contentHash": "jGl6JvyQV4hS3JsZ7FXTmB1tXE1kadXl2iD8H9OIqe1a5q7OfskDh0Cy2+YrEZ13eI4DJ8xTbDJXz2tldKyM8g==",
        "dependencies": {
          "Newtonsoft.Json": "13.0.3"
        }
      },
      "Microsoft.Extensions.DependencyInjection.Abstractions": {
        "type": "Transitive",
        "resolved": "10.0.8",
        "contentHash": "21nbDV60SRPWGIivsyl6lqBeEJNG1sginhhfWgRrr3Ais7aQ12To25OAHQxgoiJkjqy1aQ6RxpZBGYuTi7Ge6A=="
      },
      "Microsoft.Extensions.Logging.Abstractions": {
        "type": "Transitive",
        "resolved": "10.0.8",
        "contentHash": "fdVadZmsC8jRP0KvKy8mO8f6GV/HyBvElfcSxEhd+5FM5boAw/01iSaCto5G3G37ApJira4A3pNaVvBv8cUiLQ==",
        "dependencies": {
          "Microsoft.Extensions.DependencyInjection.Abstractions": "10.0.8"
        }
      },
      "Microsoft.Win32.SystemEvents": {
        "type": "Transitive",
        "resolved": "8.0.0",
        "contentHash": "9opKRyOKMCi2xJ7Bj7kxtZ1r9vbzosMvRrdEhVhDz8j8MoBGgB+WmC94yH839NPH+BclAjtQ/pyagvi/8gDLkw=="
      },
      "NetTopologySuite.Features": {
        "type": "Transitive",
        "resolved": "2.2.0",
        "contentHash": "Uk0Sun2RtpDLMcPhPO8UFZYDtESpZmHSfqa/eskJkdOjmK2rVbo2Zm3YiT3zdtjgosypgDT/eQLiFbsPKMOgbg==",
        "dependencies": {
          "NetTopologySuite": "[2.0.0, 3.0.0-A)"
        }
      },
      "Newtonsoft.Json": {
        "type": "Transitive",
        "resolved": "13.0.4",
        "contentHash": "pdgNNMai3zv51W5aq268sujXUyx7SNdE2bj1wZcWjAQrKMFZV260lbqYop1d2GM67JI1huLRwxo9ZqnfF/lC6A=="
      },
      "NodaTime.Serialization.JsonNet": {
        "type": "Transitive",
        "resolved": "3.2.1",
        "contentHash": "/8eeaH/LNIcpIEiBTg/0M/hwsMis0cKVWPyLYnQhXrH2k+9zNrnsOin9Vym6OclSGGndOnNNa6EHUln4S70HKg==",
        "dependencies": {
          "Newtonsoft.Json": "13.0.3",
          "NodaTime": "[3.0.0, 4.0.0)"
        }
      },
      "SqlStreamStore": {
        "type": "Transitive",
        "resolved": "1.2.0",
        "contentHash": "AlHlvqhwSkC9MbhlUQRMTtgf4d6qk8xs0n1jDiiCM6cJlp8w/aGJxdI5/+dQwXWlN79FFZFc/vunkfheHmX/2g=="
      },
      "System.Configuration.ConfigurationManager": {
        "type": "Transitive",
        "resolved": "8.0.0",
        "contentHash": "JlYi9XVvIREURRUlGMr1F6vOFLk7YSY4p1vHo4kX3tQ0AGrjqlRWHDi66ImHhy6qwXBG3BJ6Y1QlYQ+Qz6Xgww==",
        "dependencies": {
          "System.Diagnostics.EventLog": "8.0.0",
          "System.Security.Cryptography.ProtectedData": "8.0.0"
        }
      },
      "System.Diagnostics.EventLog": {
        "type": "Transitive",
        "resolved": "8.0.0",
        "contentHash": "fdYxcRjQqTTacKId/2IECojlDSFvp7LP5N78+0z/xH7v/Tuw5ZAxu23Y6PTCRinqyu2ePx+Gn1098NC6jM6d+A=="
      },
      "System.Drawing.Common": {
        "type": "Transitive",
        "resolved": "8.0.0",
        "contentHash": "JkbHJjtI/dWc5dfmEdJlbe3VwgZqCkZRtfuWFh5GOv0f+gGCfBtzMpIVkmdkj2AObO9y+oiOi81UGwH3aBYuqA==",
        "dependencies": {
          "Microsoft.Win32.SystemEvents": "8.0.0"
        }
      },
      "System.Security.Cryptography.ProtectedData": {
        "type": "Transitive",
        "resolved": "8.0.0",
        "contentHash": "+TUFINV2q2ifyXauQXRwy4CiBhqvDEDZeVJU7qfxya4aRYOKzVBpN+4acx25VcPB9ywUN6C0n8drWl110PhZEg=="
      }
    },
    "net10.0/linux-arm64": {
      "Microsoft.Win32.SystemEvents": {
        "type": "Transitive",
        "resolved": "8.0.0",
        "contentHash": "9opKRyOKMCi2xJ7Bj7kxtZ1r9vbzosMvRrdEhVhDz8j8MoBGgB+WmC94yH839NPH+BclAjtQ/pyagvi/8gDLkw=="
      },
      "System.Diagnostics.EventLog": {
        "type": "Transitive",
        "resolved": "8.0.0",
        "contentHash": "fdYxcRjQqTTacKId/2IECojlDSFvp7LP5N78+0z/xH7v/Tuw5ZAxu23Y6PTCRinqyu2ePx+Gn1098NC6jM6d+A=="
      }
    },
    "net10.0/linux-x64": {
      "Microsoft.Win32.SystemEvents": {
        "type": "Transitive",
        "resolved": "8.0.0",
        "contentHash": "9opKRyOKMCi2xJ7Bj7kxtZ1r9vbzosMvRrdEhVhDz8j8MoBGgB+WmC94yH839NPH+BclAjtQ/pyagvi/8gDLkw=="
      },
      "System.Diagnostics.EventLog": {
        "type": "Transitive",
        "resolved": "8.0.0",
        "contentHash": "fdYxcRjQqTTacKId/2IECojlDSFvp7LP5N78+0z/xH7v/Tuw5ZAxu23Y6PTCRinqyu2ePx+Gn1098NC6jM6d+A=="
      }
    },
    "net10.0/win-x64": {
      "Microsoft.Win32.SystemEvents": {
        "type": "Transitive",
        "resolved": "8.0.0",
        "contentHash": "9opKRyOKMCi2xJ7Bj7kxtZ1r9vbzosMvRrdEhVhDz8j8MoBGgB+WmC94yH839NPH+BclAjtQ/pyagvi/8gDLkw=="
      },
      "System.Diagnostics.EventLog": {
        "type": "Transitive",
        "resolved": "8.0.0",
        "contentHash": "fdYxcRjQqTTacKId/2IECojlDSFvp7LP5N78+0z/xH7v/Tuw5ZAxu23Y6PTCRinqyu2ePx+Gn1098NC6jM6d+A=="
      }
    }
  }
}